{
  "name": "whywhale",
  "version": "4.0.0",
  "lockfileVersion": 3,
  "requires": true,
  "packages": {
    "": {
      "name": "whywhale",
      "version": "4.0.0",
      "license": "MIT",
      "bin": {
        "whywhale": "bin/whywhale.js",
        "ww": "bin/whywhale.js"
      },
      "engines": {
        "node": ">=18.0.0"
      }
    }
  }
}
